
Microsoft Visual Studio Solution File, Format Version 12.00
# Visual Studio Version 16
VisualStudioVersion = 16.0.31501.217
MinimumVisualStudioVersion = 10.0.40219.1
Project("{FAE04EC0-301F-11D3-BF4B-00C04F79EFBC}") = "PokerHands.Tests", "PokerHands.Tests\PokerHands.Tests.csproj", "{2B511F74-7E01-453C-90AC-DC627E457ECC}"
EndProject
Project("{FAE04EC0-301F-11D3-BF4B-00C04F79EFBC}") = "PokerHands", "PokerHands\PokerHands.csproj", "{4B222F82-6562-4F55-AE08-7D6F6AD07D21}"
EndProject
Global
	GlobalSection(SolutionConfigurationPlatforms) = preSolution
		Debug|Any CPU = Debug|Any CPU
		Release|Any CPU = Release|Any CPU
	EndGlobalSection
	GlobalSection(ProjectConfigurationPlatforms) = postSolution
		{2B511F74-7E01-453C-90AC-DC627E457ECC}.Debug|Any CPU.ActiveCfg = Debug|Any CPU
		{2B511F74-7E01-453C-90AC-DC627E457ECC}.Debug|Any CPU.Build.0 = Debug|Any CPU
		{2B511F74-7E01-453C-90AC-DC627E457ECC}.Release|Any CPU.ActiveCfg = Release|Any CPU
		{2B511F74-7E01-453C-90AC-DC627E457ECC}.Release|Any CPU.Build.0 = Release|Any CPU
		{4B222F82-6562-4F55-AE08-7D6F6AD07D21}.Debug|Any CPU.ActiveCfg = Debug|Any CPU
		{4B222F82-6562-4F55-AE08-7D6F6AD07D21}.Debug|Any CPU.Build.0 = Debug|Any CPU
		{4B222F82-6562-4F55-AE08-7D6F6AD07D21}.Release|Any CPU.ActiveCfg = Release|Any CPU
		{4B222F82-6562-4F55-AE08-7D6F6AD07D21}.Release|Any CPU.Build.0 = Release|Any CPU
	EndGlobalSection
	GlobalSection(SolutionProperties) = preSolution
		HideSolutionNode = FALSE
	EndGlobalSection
	GlobalSection(ExtensibilityGlobals) = postSolution
		SolutionGuid = {D5681723-2095-4A50-9727-3AA6A955D70B}
	EndGlobalSection
EndGlobal
